# This file is autogenerated, do not edit; changes may be undone by the next 'dep ensure'.


[[projects]]
  branch = "develop"
  digest = "1:a7b1828c435decb4958cde27a2c12d8ce7f1de11f577ad26165ff8a128e6835e"
  name = "github.com/alanchchen/web3go"
  packages = [
    "common",
    "provider",
    "rpc",
    "web3",
  ]
  pruneopts = "UT"
  revision = "e0f95297bead03547163dd27f584874e8d598ded"

[[projects]]
  digest = "1:d5f97fc268267ec1b61c3453058c738246fc3e746f14b1ae25161513b7367b0c"
  name = "github.com/gorilla/mux"
  packages = ["."]
  pruneopts = "UT"
  revision = "c5c6c98bc25355028a63748a498942a6398ccd22"
  version = "v1.7.1"

[[projects]]
  branch = "master"
  digest = "1:fd6c914d58e3c73c2996c9b4cb45534b6ab4aa99051c20007c2911919375d2df"
  name = "github.com/tonnerre/golang-go.crypto"
  packages = ["sha3"]
  pruneopts = "UT"
  revision = "9bbb332f040b171b2fb4e08c53a3db3b3f6633c0"

[solve-meta]
  analyzer-name = "dep"
  analyzer-version = 1
  input-imports = [
    "github.com/alanchchen/web3go/provider",
    "github.com/alanchchen/web3go/rpc",
    "github.com/alanchchen/web3go/web3",
    "github.com/gorilla/mux",
  ]
  solver-name = "gps-cdcl"
  solver-version = 1
